
Microsoft Visual Studio Solution File, Format Version 12.00
# Visual Studio 2013
VisualStudioVersion = 12.0.30723.0
MinimumVisualStudioVersion = 10.0.40219.1
Project("{FAE04EC0-301F-11D3-BF4B-00C04F79EFBC}") = "TcmCoreService", "TcmCoreService\TcmCoreService.csproj", "{01ABAC1C-DE68-4E0B-BECC-6D28CA46CDA1}"
EndProject
Project("{FAE04EC0-301F-11D3-BF4B-00C04F79EFBC}") = "TcmCoreService.Test", "TcmCoreService.Test\TcmCoreService.Test.csproj", "{D7DD946F-58A5-4C1D-B75A-4FD604686A75}"
EndProject
Global
	GlobalSection(SolutionConfigurationPlatforms) = preSolution
		Debug|Any CPU = Debug|Any CPU
		Release|Any CPU = Release|Any CPU
	EndGlobalSection
	GlobalSection(ProjectConfigurationPlatforms) = postSolution
		{01ABAC1C-DE68-4E0B-BECC-6D28CA46CDA1}.Debug|Any CPU.ActiveCfg = Debug|Any CPU
		{01ABAC1C-DE68-4E0B-BECC-6D28CA46CDA1}.Debug|Any CPU.Build.0 = Debug|Any CPU
		{01ABAC1C-DE68-4E0B-BECC-6D28CA46CDA1}.Release|Any CPU.ActiveCfg = Release|Any CPU
		{01ABAC1C-DE68-4E0B-BECC-6D28CA46CDA1}.Release|Any CPU.Build.0 = Release|Any CPU
		{D7DD946F-58A5-4C1D-B75A-4FD604686A75}.Debug|Any CPU.ActiveCfg = Debug|Any CPU
		{D7DD946F-58A5-4C1D-B75A-4FD604686A75}.Debug|Any CPU.Build.0 = Debug|Any CPU
		{D7DD946F-58A5-4C1D-B75A-4FD604686A75}.Release|Any CPU.ActiveCfg = Release|Any CPU
		{D7DD946F-58A5-4C1D-B75A-4FD604686A75}.Release|Any CPU.Build.0 = Release|Any CPU
	EndGlobalSection
	GlobalSection(SolutionProperties) = preSolution
		HideSolutionNode = FALSE
	EndGlobalSection
	GlobalSection(MonoDevelopProperties) = preSolution
		StartupItem = TcmCoreService.Test\TcmCoreService.Test.csproj
	EndGlobalSection
EndGlobal
